
Microsoft Visual Studio Solution File, Format Version 12.00
# Visual Studio Version 16
VisualStudioVersion = 16.0.29319.158
MinimumVisualStudioVersion = 10.0.40219.1
Project("{9A19103F-16F7-4668-BE54-9A1E7A4F7556}") = "11_MVCWebSite", "11-MVCWebSite\11_MVCWebSite.csproj", "{84859D9F-D68D-4AC0-876B-A66C646CB51C}"
EndProject
Project("{2150E333-8FDC-42A3-9474-1A3956D46DE8}") = "ARQ", "ARQ", "{BFF7CD91-6405-4200-B13A-39F8C6C9FAB3}"
EndProject
Project("{9A19103F-16F7-4668-BE54-9A1E7A4F7556}") = "Fluent.Architecture.Core.Doc", "..\..\Fluent.Architecture\Fluent.Architecture.Core.Doc\Fluent.Architecture.Core.Doc.csproj", "{44E315A7-5983-4208-997B-072D25D71E4C}"
EndProject
Project("{9A19103F-16F7-4668-BE54-9A1E7A4F7556}") = "11_MVCWebSite.Test", "11-MVCWebSite.Test\11_MVCWebSite.Test.csproj", "{2AB4102F-71FF-4D32-93E7-CCE2B39CCC9B}"
EndProject
Project("{2150E333-8FDC-42A3-9474-1A3956D46DE8}") = "Solution Items", "Solution Items", "{B0245F2B-E38F-4829-BC68-89CBB197A55A}"
	ProjectSection(SolutionItems) = preProject
		Directory.Build.props = Directory.Build.props
	EndProjectSection
EndProject
Project("{9A19103F-16F7-4668-BE54-9A1E7A4F7556}") = "Fluent.Architecture.Core", "..\..\Fluent.Architecture\Fluent.Architecture\Fluent.Architecture.Core.csproj", "{98347050-3005-4565-9A96-A1A0277B5FEB}"
EndProject
Project("{9A19103F-16F7-4668-BE54-9A1E7A4F7556}") = "Fluent.Architecture.EntityFramework", "..\..\Fluent.Architecture\Fluent.Architecture.EntityFramework\Fluent.Architecture.EntityFramework.csproj", "{958E23B8-DB62-404C-90BF-5BCD1C173811}"
EndProject
Project("{9A19103F-16F7-4668-BE54-9A1E7A4F7556}") = "Fluent.Architecture.EntityFramework.SqLite", "..\..\Fluent.Architecture\Fluent.Architecture.EntityFramework.SqLite\Fluent.Architecture.EntityFramework.SqLite.csproj", "{67DFBDDD-B3E4-48EF-8424-30A22D525098}"
EndProject
Project("{9A19103F-16F7-4668-BE54-9A1E7A4F7556}") = "12_Redis", "12-Redis\12_Redis.csproj", "{228315C0-2DA2-4A4C-BE38-D203CB75EA08}"
EndProject
Project("{9A19103F-16F7-4668-BE54-9A1E7A4F7556}") = "Fluent.Architecture.Redis", "..\..\Fluent.Architecture\Fluent.Architecture.Redis\Fluent.Architecture.Redis.csproj", "{4697EC2D-B483-44F4-A85D-A73F1C2F47D0}"
EndProject
Project("{9A19103F-16F7-4668-BE54-9A1E7A4F7556}") = "14_sql", "14-Sql\14_sql.csproj", "{BAB8132A-E3C9-4616-AB3D-73D77FAC4BD9}"
EndProject
Project("{9A19103F-16F7-4668-BE54-9A1E7A4F7556}") = "Fluent.Architecture.EntityFramework.Oracle", "..\..\Fluent.Architecture\Fluent.Architecture.EntityFramework.Oracle\Fluent.Architecture.EntityFramework.Oracle.csproj", "{F7C93685-F2C1-42BC-BA92-A1262BFBFFB0}"
EndProject
Project("{9A19103F-16F7-4668-BE54-9A1E7A4F7556}") = "Fluent.Architecture.EntityFramework.PostgreSQL", "..\..\Fluent.Architecture\Fluent.Architecture.EntityFramework.PostgreSQL\Fluent.Architecture.EntityFramework.PostgreSQL.csproj", "{74D364DB-8A96-416F-98B7-A398439AFD37}"
EndProject
Project("{9A19103F-16F7-4668-BE54-9A1E7A4F7556}") = "020-ControllerCustomizado", "020-ControllerCustomizado\020-ControllerCustomizado.csproj", "{47F3B7BE-34E7-4394-B6E7-7E21251E9D60}"
EndProject
Project("{9A19103F-16F7-4668-BE54-9A1E7A4F7556}") = "01-APISimples", "010-APISimples\01-APISimples.csproj", "{A57C712A-6207-46C8-98C0-CA419CFC767A}"
EndProject
Global
	GlobalSection(SolutionConfigurationPlatforms) = preSolution
		Debug|Any CPU = Debug|Any CPU
		Release|Any CPU = Release|Any CPU
	EndGlobalSection
	GlobalSection(ProjectConfigurationPlatforms) = postSolution
		{84859D9F-D68D-4AC0-876B-A66C646CB51C}.Debug|Any CPU.ActiveCfg = Debug|Any CPU
		{84859D9F-D68D-4AC0-876B-A66C646CB51C}.Debug|Any CPU.Build.0 = Debug|Any CPU
		{84859D9F-D68D-4AC0-876B-A66C646CB51C}.Release|Any CPU.ActiveCfg = Release|Any CPU
		{84859D9F-D68D-4AC0-876B-A66C646CB51C}.Release|Any CPU.Build.0 = Release|Any CPU
		{44E315A7-5983-4208-997B-072D25D71E4C}.Debug|Any CPU.ActiveCfg = Debug|Any CPU
		{44E315A7-5983-4208-997B-072D25D71E4C}.Debug|Any CPU.Build.0 = Debug|Any CPU
		{44E315A7-5983-4208-997B-072D25D71E4C}.Release|Any CPU.ActiveCfg = Release|Any CPU
		{44E315A7-5983-4208-997B-072D25D71E4C}.Release|Any CPU.Build.0 = Release|Any CPU
		{2AB4102F-71FF-4D32-93E7-CCE2B39CCC9B}.Debug|Any CPU.ActiveCfg = Debug|Any CPU
		{2AB4102F-71FF-4D32-93E7-CCE2B39CCC9B}.Debug|Any CPU.Build.0 = Debug|Any CPU
		{2AB4102F-71FF-4D32-93E7-CCE2B39CCC9B}.Release|Any CPU.ActiveCfg = Release|Any CPU
		{2AB4102F-71FF-4D32-93E7-CCE2B39CCC9B}.Release|Any CPU.Build.0 = Release|Any CPU
		{98347050-3005-4565-9A96-A1A0277B5FEB}.Debug|Any CPU.ActiveCfg = Debug|Any CPU
		{98347050-3005-4565-9A96-A1A0277B5FEB}.Debug|Any CPU.Build.0 = Debug|Any CPU
		{98347050-3005-4565-9A96-A1A0277B5FEB}.Release|Any CPU.ActiveCfg = Release|Any CPU
		{98347050-3005-4565-9A96-A1A0277B5FEB}.Release|Any CPU.Build.0 = Release|Any CPU
		{958E23B8-DB62-404C-90BF-5BCD1C173811}.Debug|Any CPU.ActiveCfg = Debug|Any CPU
		{958E23B8-DB62-404C-90BF-5BCD1C173811}.Debug|Any CPU.Build.0 = Debug|Any CPU
		{958E23B8-DB62-404C-90BF-5BCD1C173811}.Release|Any CPU.ActiveCfg = Release|Any CPU
		{958E23B8-DB62-404C-90BF-5BCD1C173811}.Release|Any CPU.Build.0 = Release|Any CPU
		{67DFBDDD-B3E4-48EF-8424-30A22D525098}.Debug|Any CPU.ActiveCfg = Debug|Any CPU
		{67DFBDDD-B3E4-48EF-8424-30A22D525098}.Debug|Any CPU.Build.0 = Debug|Any CPU
		{67DFBDDD-B3E4-48EF-8424-30A22D525098}.Release|Any CPU.ActiveCfg = Release|Any CPU
		{67DFBDDD-B3E4-48EF-8424-30A22D525098}.Release|Any CPU.Build.0 = Release|Any CPU
		{228315C0-2DA2-4A4C-BE38-D203CB75EA08}.Debug|Any CPU.ActiveCfg = Debug|Any CPU
		{228315C0-2DA2-4A4C-BE38-D203CB75EA08}.Debug|Any CPU.Build.0 = Debug|Any CPU
		{228315C0-2DA2-4A4C-BE38-D203CB75EA08}.Release|Any CPU.ActiveCfg = Release|Any CPU
		{228315C0-2DA2-4A4C-BE38-D203CB75EA08}.Release|Any CPU.Build.0 = Release|Any CPU
		{4697EC2D-B483-44F4-A85D-A73F1C2F47D0}.Debug|Any CPU.ActiveCfg = Debug|Any CPU
		{4697EC2D-B483-44F4-A85D-A73F1C2F47D0}.Debug|Any CPU.Build.0 = Debug|Any CPU
		{4697EC2D-B483-44F4-A85D-A73F1C2F47D0}.Release|Any CPU.ActiveCfg = Release|Any CPU
		{4697EC2D-B483-44F4-A85D-A73F1C2F47D0}.Release|Any CPU.Build.0 = Release|Any CPU
		{BAB8132A-E3C9-4616-AB3D-73D77FAC4BD9}.Debug|Any CPU.ActiveCfg = Debug|Any CPU
		{BAB8132A-E3C9-4616-AB3D-73D77FAC4BD9}.Debug|Any CPU.Build.0 = Debug|Any CPU
		{BAB8132A-E3C9-4616-AB3D-73D77FAC4BD9}.Release|Any CPU.ActiveCfg = Release|Any CPU
		{BAB8132A-E3C9-4616-AB3D-73D77FAC4BD9}.Release|Any CPU.Build.0 = Release|Any CPU
		{F7C93685-F2C1-42BC-BA92-A1262BFBFFB0}.Debug|Any CPU.ActiveCfg = Debug|Any CPU
		{F7C93685-F2C1-42BC-BA92-A1262BFBFFB0}.Debug|Any CPU.Build.0 = Debug|Any CPU
		{F7C93685-F2C1-42BC-BA92-A1262BFBFFB0}.Release|Any CPU.ActiveCfg = Release|Any CPU
		{F7C93685-F2C1-42BC-BA92-A1262BFBFFB0}.Release|Any CPU.Build.0 = Release|Any CPU
		{74D364DB-8A96-416F-98B7-A398439AFD37}.Debug|Any CPU.ActiveCfg = Debug|Any CPU
		{74D364DB-8A96-416F-98B7-A398439AFD37}.Debug|Any CPU.Build.0 = Debug|Any CPU
		{74D364DB-8A96-416F-98B7-A398439AFD37}.Release|Any CPU.ActiveCfg = Release|Any CPU
		{74D364DB-8A96-416F-98B7-A398439AFD37}.Release|Any CPU.Build.0 = Release|Any CPU
		{47F3B7BE-34E7-4394-B6E7-7E21251E9D60}.Debug|Any CPU.ActiveCfg = Debug|Any CPU
		{47F3B7BE-34E7-4394-B6E7-7E21251E9D60}.Debug|Any CPU.Build.0 = Debug|Any CPU
		{47F3B7BE-34E7-4394-B6E7-7E21251E9D60}.Release|Any CPU.ActiveCfg = Release|Any CPU
		{47F3B7BE-34E7-4394-B6E7-7E21251E9D60}.Release|Any CPU.Build.0 = Release|Any CPU
		{A57C712A-6207-46C8-98C0-CA419CFC767A}.Debug|Any CPU.ActiveCfg = Debug|Any CPU
		{A57C712A-6207-46C8-98C0-CA419CFC767A}.Debug|Any CPU.Build.0 = Debug|Any CPU
		{A57C712A-6207-46C8-98C0-CA419CFC767A}.Release|Any CPU.ActiveCfg = Release|Any CPU
		{A57C712A-6207-46C8-98C0-CA419CFC767A}.Release|Any CPU.Build.0 = Release|Any CPU
	EndGlobalSection
	GlobalSection(SolutionProperties) = preSolution
		HideSolutionNode = FALSE
	EndGlobalSection
	GlobalSection(NestedProjects) = preSolution
		{44E315A7-5983-4208-997B-072D25D71E4C} = {BFF7CD91-6405-4200-B13A-39F8C6C9FAB3}
		{98347050-3005-4565-9A96-A1A0277B5FEB} = {BFF7CD91-6405-4200-B13A-39F8C6C9FAB3}
		{958E23B8-DB62-404C-90BF-5BCD1C173811} = {BFF7CD91-6405-4200-B13A-39F8C6C9FAB3}
		{67DFBDDD-B3E4-48EF-8424-30A22D525098} = {BFF7CD91-6405-4200-B13A-39F8C6C9FAB3}
		{4697EC2D-B483-44F4-A85D-A73F1C2F47D0} = {BFF7CD91-6405-4200-B13A-39F8C6C9FAB3}
		{F7C93685-F2C1-42BC-BA92-A1262BFBFFB0} = {BFF7CD91-6405-4200-B13A-39F8C6C9FAB3}
		{74D364DB-8A96-416F-98B7-A398439AFD37} = {BFF7CD91-6405-4200-B13A-39F8C6C9FAB3}
	EndGlobalSection
	GlobalSection(ExtensibilityGlobals) = postSolution
		SolutionGuid = {218D9188-BFC2-4A2C-8CED-65F37799C7BF}
	EndGlobalSection
EndGlobal
